{
  "version": 4,
  "terraform_version": "1.2.7",
  "serial": 16,
  "lineage": "9e69ea0f-f4e8-0ff3-85b3-ddec56452a34",
  "outputs": {},
  "resources": [
    {
      "mode": "data",
      "type": "google_storage_transfer_project_service_account",
      "name": "default",
      "provider": "provider[\"registry.terraform.io/hashicorp/google\"]",
      "instances": [
        {
          "schema_version": 0,
          "attributes": {
            "email": "project-977770967100@storage-transfer-service.iam.gserviceaccount.com",
            "id": "project-977770967100@storage-transfer-service.iam.gserviceaccount.com",
            "project": "loyal-glass-359906",
            "subject_id": "102767337752006723001"
          },
          "sensitive_attributes": []
        }
      ]
    },
    {
      "mode": "managed",
      "type": "google_project_service",
      "name": "storagetranser",
      "provider": "provider[\"registry.terraform.io/hashicorp/google\"]",
      "instances": [
        {
          "schema_version": 0,
          "attributes": {
            "disable_dependent_services": null,
            "disable_on_destroy": true,
            "id": "loyal-glass-359906/storagetransfer.googleapis.com",
            "project": "loyal-glass-359906",
            "service": "storagetransfer.googleapis.com",
            "timeouts": null
          },
          "sensitive_attributes": [],
          "private": "eyJlMmJmYjczMC1lY2FhLTExZTYtOGY4OC0zNDM2M2JjN2M0YzAiOnsiY3JlYXRlIjoxMjAwMDAwMDAwMDAwLCJkZWxldGUiOjEyMDAwMDAwMDAwMDAsInJlYWQiOjYwMDAwMDAwMDAwMCwidXBkYXRlIjoxMjAwMDAwMDAwMDAwfX0="
        }
      ]
    },
    {
      "mode": "managed",
      "type": "google_storage_bucket",
      "name": "transfer-service-terraform-bucket",
      "provider": "provider[\"registry.terraform.io/hashicorp/google\"]",
      "instances": [
        {
          "schema_version": 0,
          "attributes": {
            "cors": [],
            "custom_placement_config": [],
            "default_event_based_hold": false,
            "encryption": [],
            "force_destroy": false,
            "id": "transfer-service-terraform-bucket",
            "labels": null,
            "lifecycle_rule": [],
            "location": "EU",
            "logging": [],
            "name": "transfer-service-terraform-bucket",
            "project": "loyal-glass-359906",
            "requester_pays": false,
            "retention_policy": [],
            "self_link": "https://www.googleapis.com/storage/v1/b/transfer-service-terraform-bucket",
            "storage_class": "STANDARD",
            "timeouts": null,
            "uniform_bucket_level_access": false,
            "url": "gs://transfer-service-terraform-bucket",
            "versioning": [],
            "website": []
          },
          "sensitive_attributes": [],
          "private": "eyJlMmJmYjczMC1lY2FhLTExZTYtOGY4OC0zNDM2M2JjN2M0YzAiOnsiY3JlYXRlIjoyNDAwMDAwMDAwMDAsInJlYWQiOjI0MDAwMDAwMDAwMCwidXBkYXRlIjoyNDAwMDAwMDAwMDB9fQ=="
        }
      ]
    },
    {
      "mode": "managed",
      "type": "google_storage_bucket_iam_member",
      "name": "transfer-service-terraform-bucket-iam",
      "provider": "provider[\"registry.terraform.io/hashicorp/google\"]",
      "instances": [
        {
          "schema_version": 0,
          "attributes": {
            "bucket": "b/transfer-service-terraform-bucket",
            "condition": [],
            "etag": "CAI=",
            "id": "b/transfer-service-terraform-bucket/roles/storage.admin/serviceAccount:project-977770967100@storage-transfer-service.iam.gserviceaccount.com",
            "member": "serviceAccount:project-977770967100@storage-transfer-service.iam.gserviceaccount.com",
            "role": "roles/storage.admin"
          },
          "sensitive_attributes": [],
          "private": "bnVsbA==",
          "dependencies": [
            "data.google_storage_transfer_project_service_account.default",
            "google_storage_bucket.transfer-service-terraform-bucket"
          ]
        }
      ]
    },
    {
      "mode": "managed",
      "type": "google_storage_transfer_job",
      "name": "s3-bucket-nightly-backup3",
      "provider": "provider[\"registry.terraform.io/hashicorp/google\"]",
      "instances": [
        {
          "schema_version": 0,
          "attributes": {
            "creation_time": "2022-10-18T09:35:33.100098293Z",
            "deletion_time": "",
            "description": "Execute a cloud transfer job via terraform.",
            "id": "loyal-glass-359906/11932172512179201320",
            "last_modification_time": "2022-10-18T09:35:33.100098293Z",
            "name": "transferJobs/11932172512179201320",
            "notification_config": [],
            "project": "loyal-glass-359906",
            "schedule": [
              {
                "repeat_interval": "86400s",
                "schedule_end_date": [
                  {
                    "day": 18,
                    "month": 10,
                    "year": 2022
                  }
                ],
                "schedule_start_date": [
                  {
                    "day": 18,
                    "month": 10,
                    "year": 2022
                  }
                ],
                "start_time_of_day": []
              }
            ],
            "status": "ENABLED",
            "transfer_spec": [
              {
                "aws_s3_data_source": [
                  {
                    "aws_access_key": [],
                    "bucket_name": "nyc-tlc",
                    "role_arn": ""
                  }
                ],
                "azure_blob_storage_data_source": [],
                "gcs_data_sink": [
                  {
                    "bucket_name": "transfer-service-terraform-bucket",
                    "path": ""
                  }
                ],
                "gcs_data_source": [],
                "http_data_source": [],
                "object_conditions": [],
                "posix_data_sink": [],
                "posix_data_source": [],
                "transfer_options": [
                  {
                    "delete_objects_from_source_after_transfer": false,
                    "delete_objects_unique_in_sink": false,
                    "overwrite_objects_already_existing_in_sink": false,
                    "overwrite_when": ""
                  }
                ]
              }
            ]
          },
          "sensitive_attributes": [],
          "private": "bnVsbA==",
          "dependencies": [
            "data.google_storage_transfer_project_service_account.default",
            "google_storage_bucket.transfer-service-terraform-bucket",
            "google_storage_bucket_iam_member.transfer-service-terraform-bucket-iam"
          ]
        }
      ]
    }
  ]
}
